// !$*UTF8*$!
{
	archiveVersion = 1;
	classes = {
	};
	objectVersion = 77;
	objects = {

/* Begin PBXContainerItemProxy section */
		ACACA2342E4CE3710030C7B7 /* PBXContainerItemProxy */ = {
			isa = PBXContainerItemProxy;
			containerPortal = ACACA21B2E4CE36D0030C7B7 /* Project object */;
			proxyType = 1;
			remoteGlobalIDString = ACACA2222E4CE36D0030C7B7;
			remoteInfo = PizzaDeliveryApp;
		};
		ACACA23E2E4CE3710030C7B7 /* PBXContainerItemProxy */ = {
			isa = PBXContainerItemProxy;
			containerPortal = ACACA21B2E4CE36D0030C7B7 /* Project object */;
			proxyType = 1;
			remoteGlobalIDString = ACACA2222E4CE36D0030C7B7;
			remoteInfo = PizzaDeliveryApp;
		};
/* End PBXContainerItemProxy section */

/* Begin PBXFileReference section */
		ACACA2232E4CE36D0030C7B7 /* PizzaDeliveryApp.app */ = {isa = PBXFileReference; explicitFileType = wrapper.application; includeInIndex = 0; path = PizzaDeliveryApp.app; sourceTree = BUILT_PRODUCTS_DIR; };
		ACACA2332E4CE3710030C7B7 /* PizzaDeliveryAppTests.xctest */ = {isa = PBXFileReference; explicitFileType = wrapper.cfbundle; includeInIndex = 0; path = PizzaDeliveryAppTests.xctest; sourceTree = BUILT_PRODUCTS_DIR; };
		ACACA23D2E4CE3710030C7B7 /* PizzaDeliveryAppUITests.xctest */ = {isa = PBXFileReference; explicitFileType = wrapper.cfbundle; includeInIndex = 0; path = PizzaDeliveryAppUITests.xctest; sourceTree = BUILT_PRODUCTS_DIR; };
/* End PBXFileReference section */

/* Begin PBXFileSystemSynchronizedRootGroup section */
		ACACA2252E4CE36D0030C7B7 /* PizzaDeliveryApp */ = {
			isa = PBXFileSystemSynchronizedRootGroup;
			path = PizzaDeliveryApp;
			sourceTree = "<group>";
		};
		ACACA2362E4CE3710030C7B7 /* PizzaDeliveryAppTests */ = {
			isa = PBXFileSystemSynchronizedRootGroup;
			path = PizzaDeliveryAppTests;
			sourceTree = "<group>";
		};
		ACACA2402E4CE3710030C7B7 /* PizzaDeliveryAppUITests */ = {
			isa = PBXFileSystemSynchronizedRootGroup;
			path = PizzaDeliveryAppUITests;
			sourceTree = "<group>";
		};
/* End PBXFileSystemSynchronizedRootGroup section */

/* Begin PBXFrameworksBuildPhase section */
		ACACA2202E4CE36D0030C7B7 /* Frameworks */ = {
			isa = PBXFrameworksBuildPhase;
			buildActionMask = 2147483647;
			files = (
			);
			runOnlyForDeploymentPostprocessing = 0;
		};
		ACACA2302E4CE3710030C7B7 /* Frameworks */ = {
			isa = PBXFrameworksBuildPhase;
			buildActionMask = 2147483647;
			files = (
			);
			runOnlyForDeploymentPostprocessing = 0;
		};
		ACACA23A2E4CE3710030C7B7 /* Frameworks */ = {
			isa = PBXFrameworksBuildPhase;
			buildActionMask = 2147483647;
			files = (
			);
			runOnlyForDeploymentPostprocessing = 0;
		};
/* End PBXFrameworksBuildPhase section */

/* Begin PBXGroup section */
		ACACA21A2E4CE36D0030C7B7 = {
			isa = PBXGroup;
			children = (
				ACACA2252E4CE36D0030C7B7 /* PizzaDeliveryApp */,
				ACACA2362E4CE3710030C7B7 /* PizzaDeliveryAppTests */,
				ACACA2402E4CE3710030C7B7 /* PizzaDeliveryAppUITests */,
				ACACA2242E4CE36D0030C7B7 /* Products */,
			);
			sourceTree = "<group>";
		};
		ACACA2242E4CE36D0030C7B7 /* Products */ = {
			isa = PBXGroup;
			children = (
				ACACA2232E4CE36D0030C7B7 /* PizzaDeliveryApp.app */,
				ACACA2332E4CE3710030C7B7 /* PizzaDeliveryAppTests.xctest */,
				ACACA23D2E4CE3710030C7B7 /* PizzaDeliveryAppUITests.xctest */,
			);
			name = Products;
			sourceTree = "<group>";
		};
/* End PBXGroup section */

/* Begin PBXNativeTarget section */
		ACACA2222E4CE36D0030C7B7 /* PizzaDeliveryApp */ = {
			isa = PBXNativeTarget;
			buildConfigurationList = ACACA2472E4CE3710030C7B7 /* Build configuration list for PBXNativeTarget "PizzaDeliveryApp" */;
			buildPhases = (
				ACACA21F2E4CE36D0030C7B7 /* Sources */,
				ACACA2202E4CE36D0030C7B7 /* Frameworks */,
				ACACA2212E4CE36D0030C7B7 /* Resources */,
			);
			buildRules = (
			);
			dependencies = (
			);
			fileSystemSynchronizedGroups = (
				ACACA2252E4CE36D0030C7B7 /* PizzaDeliveryApp */,
			);
			name = PizzaDeliveryApp;
			packageProductDependencies = (
			);
			productName = PizzaDeliveryApp;
			productReference = ACACA2232E4CE36D0030C7B7 /* PizzaDeliveryApp.app */;
			productType = "com.apple.product-type.application";
		};
		ACACA2322E4CE3710030C7B7 /* PizzaDeliveryAppTests */ = {
			isa = PBXNativeTarget;
			buildConfigurationList = ACACA24A2E4CE3710030C7B7 /* Build configuration list for PBXNativeTarget "PizzaDeliveryAppTests" */;
			buildPhases = (
				ACACA22F2E4CE3710030C7B7 /* Sources */,
				ACACA2302E4CE3710030C7B7 /* Frameworks */,
				ACACA2312E4CE3710030C7B7 /* Resources */,
			);
			buildRules = (
			);
			dependencies = (
				ACACA2352E4CE3710030C7B7 /* PBXTargetDependency */,
			);
			fileSystemSynchronizedGroups = (
				ACACA2362E4CE3710030C7B7 /* PizzaDeliveryAppTests */,
			);
			name = PizzaDeliveryAppTests;
			packageProductDependencies = (
			);
			productName = PizzaDeliveryAppTests;
			productReference = ACACA2332E4CE3710030C7B7 /* PizzaDeliveryAppTests.xctest */;
			productType = "com.apple.product-type.bundle.unit-test";
		};
		ACACA23C2E4CE3710030C7B7 /* PizzaDeliveryAppUITests */ = {
			isa = PBXNativeTarget;
			buildConfigurationList = ACACA24D2E4CE3710030C7B7 /* Build configuration list for PBXNativeTarget "PizzaDeliveryAppUITests" */;
			buildPhases = (
				ACACA2392E4CE3710030C7B7 /* Sources */,
				ACACA23A2E4CE3710030C7B7 /* Frameworks */,
				ACACA23B2E4CE3710030C7B7 /* Resources */,
			);
			buildRules = (
			);
			dependencies = (
				ACACA23F2E4CE3710030C7B7 /* PBXTargetDependency */,
			);
			fileSystemSynchronizedGroups = (
				ACACA2402E4CE3710030C7B7 /* PizzaDeliveryAppUITests */,
			);
			name = PizzaDeliveryAppUITests;
			packageProductDependencies = (
			);
			productName = PizzaDeliveryAppUITests;
			productReference = ACACA23D2E4CE3710030C7B7 /* PizzaDeliveryAppUITests.xctest */;
			productType = "com.apple.product-type.bundle.ui-testing";
		};
/* End PBXNativeTarget section */

/* Begin PBXProject section */
		ACACA21B2E4CE36D0030C7B7 /* Project object */ = {
			isa = PBXProject;
			attributes = {
				BuildIndependentTargetsInParallel = 1;
				LastSwiftUpdateCheck = 1620;
				LastUpgradeCheck = 1620;
				TargetAttributes = {
					ACACA2222E4CE36D0030C7B7 = {
						CreatedOnToolsVersion = 16.2;
					};
					ACACA2322E4CE3710030C7B7 = {
						CreatedOnToolsVersion = 16.2;
						TestTargetID = ACACA2222E4CE36D0030C7B7;
					};
					ACACA23C2E4CE3710030C7B7 = {
						CreatedOnToolsVersion = 16.2;
						TestTargetID = ACACA2222E4CE36D0030C7B7;
					};
				};
			};
			buildConfigurationList = ACACA21E2E4CE36D0030C7B7 /* Build configuration list for PBXProject "PizzaDeliveryApp" */;
			developmentRegion = en;
			hasScannedForEncodings = 0;
			knownRegions = (
				en,
				Base,
			);
			mainGroup = ACACA21A2E4CE36D0030C7B7;
			minimizedProjectReferenceProxies = 1;
			preferredProjectObjectVersion = 77;
			productRefGroup = ACACA2242E4CE36D0030C7B7 /* Products */;
			projectDirPath = "";
			projectRoot = "";
			targets = (
				ACACA2222E4CE36D0030C7B7 /* PizzaDeliveryApp */,
				ACACA2322E4CE3710030C7B7 /* PizzaDeliveryAppTests */,
				ACACA23C2E4CE3710030C7B7 /* PizzaDeliveryAppUITests */,
			);
		};
/* End PBXProject section */

/* Begin PBXResourcesBuildPhase section */
		ACACA2212E4CE36D0030C7B7 /* Resources */ = {
			isa = PBXResourcesBuildPhase;
			buildActionMask = 2147483647;
			files = (
			);
			runOnlyForDeploymentPostprocessing = 0;
		};
		ACACA2312E4CE3710030C7B7 /* Resources */ = {
			isa = PBXResourcesBuildPhase;
			buildActionMask = 2147483647;
			files = (
			);
			runOnlyForDeploymentPostprocessing = 0;
		};
		ACACA23B2E4CE3710030C7B7 /* Resources */ = {
			isa = PBXResourcesBuildPhase;
			buildActionMask = 2147483647;
			files = (
			);
			runOnlyForDeploymentPostprocessing = 0;
		};
/* End PBXResourcesBuildPhase section */

/* Begin PBXSourcesBuildPhase section */
		ACACA21F2E4CE36D0030C7B7 /* Sources */ = {
			isa = PBXSourcesBuildPhase;
			buildActionMask = 2147483647;
			files = (
			);
			runOnlyForDeploymentPostprocessing = 0;
		};
		ACACA22F2E4CE3710030C7B7 /* Sources */ = {
			isa = PBXSourcesBuildPhase;
			buildActionMask = 2147483647;
			files = (
			);
			runOnlyForDeploymentPostprocessing = 0;
		};
		ACACA2392E4CE3710030C7B7 /* Sources */ = {
			isa = PBXSourcesBuildPhase;
			buildActionMask = 2147483647;
			files = (
			);
			runOnlyForDeploymentPostprocessing = 0;
		};
/* End PBXSourcesBuildPhase section */

/* Begin PBXTargetDependency section */
		ACACA2352E4CE3710030C7B7 /* PBXTargetDependency */ = {
			isa = PBXTargetDependency;
			target = ACACA2222E4CE36D0030C7B7 /* PizzaDeliveryApp */;
			targetProxy = ACACA2342E4CE3710030C7B7 /* PBXContainerItemProxy */;
		};
		ACACA23F2E4CE3710030C7B7 /* PBXTargetDependency */ = {
			isa = PBXTargetDependency;
			target = ACACA2222E4CE36D0030C7B7 /* PizzaDeliveryApp */;
			targetProxy = ACACA23E2E4CE3710030C7B7 /* PBXContainerItemProxy */;
		};
/* End PBXTargetDependency section */

/* Begin XCBuildConfiguration section */
		ACACA2452E4CE3710030C7B7 /* Debug */ = {
			isa = XCBuildConfiguration;
			buildSettings = {
				ALWAYS_SEARCH_USER_PATHS = NO;
				ASSETCATALOG_COMPILER_GENERATE_SWIFT_ASSET_SYMBOL_EXTENSIONS = YES;
				CLANG_ANALYZER_NONNULL = YES;
				CLANG_ANALYZER_NUMBER_OBJECT_CONVERSION = YES_AGGRESSIVE;
				CLANG_CXX_LANGUAGE_STANDARD = "gnu++20";
				CLANG_ENABLE_MODULES = YES;
				CLANG_ENABLE_OBJC_ARC = YES;
				CLANG_ENABLE_OBJC_WEAK = YES;
				CLANG_WARN_BLOCK_CAPTURE_AUTORELEASING = YES;
				CLANG_WARN_BOOL_CONVERSION = YES;
				CLANG_WARN_COMMA = YES;
				CLANG_WARN_CONSTANT_CONVERSION = YES;
				CLANG_WARN_DEPRECATED_OBJC_IMPLEMENTATIONS = YES;
				CLANG_WARN_DIRECT_OBJC_ISA_USAGE = YES_ERROR;
				CLANG_WARN_DOCUMENTATION_COMMENTS = YES;
				CLANG_WARN_EMPTY_BODY = YES;
				CLANG_WARN_ENUM_CONVERSION = YES;
				CLANG_WARN_INFINITE_RECURSION = YES;
				CLANG_WARN_INT_CONVERSION = YES;
				CLANG_WARN_NON_LITERAL_NULL_CONVERSION = YES;
				CLANG_WARN_OBJC_IMPLICIT_RETAIN_SELF = YES;
				CLANG_WARN_OBJC_LITERAL_CONVERSION = YES;
				CLANG_WARN_OBJC_ROOT_CLASS = YES_ERROR;
				CLANG_WARN_QUOTED_INCLUDE_IN_FRAMEWORK_HEADER = YES;
				CLANG_WARN_RANGE_LOOP_ANALYSIS = YES;
				CLANG_WARN_STRICT_PROTOTYPES = YES;
				CLANG_WARN_SUSPICIOUS_MOVE = YES;
				CLANG_WARN_UNGUARDED_AVAILABILITY = YES_AGGRESSIVE;
				CLANG_WARN_UNREACHABLE_CODE = YES;
				CLANG_WARN__DUPLICATE_METHOD_MATCH = YES;
				COPY_PHASE_STRIP = NO;
				DEBUG_INFORMATION_FORMAT = dwarf;
				ENABLE_STRICT_OBJC_MSGSEND = YES;
				ENABLE_TESTABILITY = YES;
				ENABLE_USER_SCRIPT_SANDBOXING = YES;
				GCC_C_LANGUAGE_STANDARD = gnu17;
				GCC_DYNAMIC_NO_PIC = NO;
				GCC_NO_COMMON_BLOCKS = YES;
				GCC_OPTIMIZATION_LEVEL = 0;
				GCC_PREPROCESSOR_DEFINITIONS = (
					"DEBUG=1",
					"$(inherited)",
				);
				GCC_WARN_64_TO_32_BIT_CONVERSION = YES;
				GCC_WARN_ABOUT_RETURN_TYPE = YES_ERROR;
				GCC_WARN_UNDECLARED_SELECTOR = YES;
				GCC_WARN_UNINITIALIZED_AUTOS = YES_AGGRESSIVE;
				GCC_WARN_UNUSED_FUNCTION = YES;
				GCC_WARN_UNUSED_VARIABLE = YES;
				IPHONEOS_DEPLOYMENT_TARGET = 18.2;
				LOCALIZATION_PREFERS_STRING_CATALOGS = YES;
				MTL_ENABLE_DEBUG_INFO = INCLUDE_SOURCE;
				MTL_FAST_MATH = YES;
				ONLY_ACTIVE_ARCH = YES;
				SDKROOT = iphoneos;
				SWIFT_ACTIVE_COMPILATION_CONDITIONS = "DEBUG $(inherited)";
				SWIFT_OPTIMIZATION_LEVEL = "-Onone";
			};
			name = Debug;
		};
		ACACA2462E4CE3710030C7B7 /* Release */ = {
			isa = XCBuildConfiguration;
			buildSettings = {
				ALWAYS_SEARCH_USER_PATHS = NO;
				ASSETCATALOG_COMPILER_GENERATE_SWIFT_ASSET_SYMBOL_EXTENSIONS = YES;
				CLANG_ANALYZER_NONNULL = YES;
				CLANG_ANALYZER_NUMBER_OBJECT_CONVERSION = YES_AGGRESSIVE;
				CLANG_CXX_LANGUAGE_STANDARD = "gnu++20";
				CLANG_ENABLE_MODULES = YES;
				CLANG_ENABLE_OBJC_ARC = YES;
				CLANG_ENABLE_OBJC_WEAK = YES;
				CLANG_WARN_BLOCK_CAPTURE_AUTORELEASING = YES;
				CLANG_WARN_BOOL_CONVERSION = YES;
				CLANG_WARN_COMMA = YES;
				CLANG_WARN_CONSTANT_CONVERSION = YES;
				CLANG_WARN_DEPRECATED_OBJC_IMPLEMENTATIONS = YES;
				CLANG_WARN_DIRECT_OBJC_ISA_USAGE = YES_ERROR;
				CLANG_WARN_DOCUMENTATION_COMMENTS = YES;
				CLANG_WARN_EMPTY_BODY = YES;
				CLANG_WARN_ENUM_CONVERSION = YES;
				CLANG_WARN_INFINITE_RECURSION = YES;
				CLANG_WARN_INT_CONVERSION = YES;
				CLANG_WARN_NON_LITERAL_NULL_CONVERSION = YES;
				CLANG_WARN_OBJC_IMPLICIT_RETAIN_SELF = YES;
				CLANG_WARN_OBJC_LITERAL_CONVERSION = YES;
				CLANG_WARN_OBJC_ROOT_CLASS = YES_ERROR;
				CLANG_WARN_QUOTED_INCLUDE_IN_FRAMEWORK_HEADER = YES;
				CLANG_WARN_RANGE_LOOP_ANALYSIS = YES;
				CLANG_WARN_STRICT_PROTOTYPES = YES;
				CLANG_WARN_SUSPICIOUS_MOVE = YES;
				CLANG_WARN_UNGUARDED_AVAILABILITY = YES_AGGRESSIVE;
				CLANG_WARN_UNREACHABLE_CODE = YES;
				CLANG_WARN__DUPLICATE_METHOD_MATCH = YES;
				COPY_PHASE_STRIP = NO;
				DEBUG_INFORMATION_FORMAT = "dwarf-with-dsym";
				ENABLE_NS_ASSERTIONS = NO;
				ENABLE_STRICT_OBJC_MSGSEND = YES;
				ENABLE_USER_SCRIPT_SANDBOXING = YES;
				GCC_C_LANGUAGE_STANDARD = gnu17;
				GCC_NO_COMMON_BLOCKS = YES;
				GCC_WARN_64_TO_32_BIT_CONVERSION = YES;
				GCC_WARN_ABOUT_RETURN_TYPE = YES_ERROR;
				GCC_WARN_UNDECLARED_SELECTOR = YES;
				GCC_WARN_UNINITIALIZED_AUTOS = YES_AGGRESSIVE;
				GCC_WARN_UNUSED_FUNCTION = YES;
				GCC_WARN_UNUSED_VARIABLE = YES;
				IPHONEOS_DEPLOYMENT_TARGET = 18.2;
				LOCALIZATION_PREFERS_STRING_CATALOGS = YES;
				MTL_ENABLE_DEBUG_INFO = NO;
				MTL_FAST_MATH = YES;
				SDKROOT = iphoneos;
				SWIFT_COMPILATION_MODE = wholemodule;
				VALIDATE_PRODUCT = YES;
			};
			name = Release;
		};
		ACACA2482E4CE3710030C7B7 /* Debug */ = {
			isa = XCBuildConfiguration;
			buildSettings = {
				ASSETCATALOG_COMPILER_APPICON_NAME = AppIcon;
				ASSETCATALOG_COMPILER_GLOBAL_ACCENT_COLOR_NAME = AccentColor;
				CODE_SIGN_STYLE = Automatic;
				CURRENT_PROJECT_VERSION = 1;
				DEVELOPMENT_ASSET_PATHS = "\"PizzaDeliveryApp/Preview Content\"";
				DEVELOPMENT_TEAM = 4GKP5H4D3P;
				ENABLE_PREVIEWS = YES;
				GENERATE_INFOPLIST_FILE = YES;
				INFOPLIST_KEY_UIApplicationSceneManifest_Generation = YES;
				INFOPLIST_KEY_UIApplicationSupportsIndirectInputEvents = YES;
				INFOPLIST_KEY_UILaunchScreen_Generation = YES;
				INFOPLIST_KEY_UISupportedInterfaceOrientations_iPad = "UIInterfaceOrientationPortrait UIInterfaceOrientationPortraitUpsideDown UIInterfaceOrientationLandscapeLeft UIInterfaceOrientationLandscapeRight";
				INFOPLIST_KEY_UISupportedInterfaceOrientations_iPhone = "UIInterfaceOrientationPortrait UIInterfaceOrientationLandscapeLeft UIInterfaceOrientationLandscapeRight";
				LD_RUNPATH_SEARCH_PATHS = (
					"$(inherited)",
					"@executable_path/Frameworks",
				);
				MARKETING_VERSION = 1.0;
				PRODUCT_BUNDLE_IDENTIFIER = ru.KGP.PizzaDeliveryApp;
				PRODUCT_NAME = "$(TARGET_NAME)";
				SWIFT_EMIT_LOC_STRINGS = YES;
				SWIFT_VERSION = 5.0;
				TARGETED_DEVICE_FAMILY = "1,2";
			};
			name = Debug;
		};
		ACACA2492E4CE3710030C7B7 /* Release */ = {
			isa = XCBuildConfiguration;
			buildSettings = {
				ASSETCATALOG_COMPILER_APPICON_NAME = AppIcon;
				ASSETCATALOG_COMPILER_GLOBAL_ACCENT_COLOR_NAME = AccentColor;
				CODE_SIGN_STYLE = Automatic;
				CURRENT_PROJECT_VERSION = 1;
				DEVELOPMENT_ASSET_PATHS = "\"PizzaDeliveryApp/Preview Content\"";
				DEVELOPMENT_TEAM = 4GKP5H4D3P;
				ENABLE_PREVIEWS = YES;
				GENERATE_INFOPLIST_FILE = YES;
				INFOPLIST_KEY_UIApplicationSceneManifest_Generation = YES;
				INFOPLIST_KEY_UIApplicationSupportsIndirectInputEvents = YES;
				INFOPLIST_KEY_UILaunchScreen_Generation = YES;
				INFOPLIST_KEY_UISupportedInterfaceOrientations_iPad = "UIInterfaceOrientationPortrait UIInterfaceOrientationPortraitUpsideDown UIInterfaceOrientationLandscapeLeft UIInterfaceOrientationLandscapeRight";
				INFOPLIST_KEY_UISupportedInterfaceOrientations_iPhone = "UIInterfaceOrientationPortrait UIInterfaceOrientationLandscapeLeft UIInterfaceOrientationLandscapeRight";
				LD_RUNPATH_SEARCH_PATHS = (
					"$(inherited)",
					"@executable_path/Frameworks",
				);
				MARKETING_VERSION = 1.0;
				PRODUCT_BUNDLE_IDENTIFIER = ru.KGP.PizzaDeliveryApp;
				PRODUCT_NAME = "$(TARGET_NAME)";
				SWIFT_EMIT_LOC_STRINGS = YES;
				SWIFT_VERSION = 5.0;
				TARGETED_DEVICE_FAMILY = "1,2";
			};
			name = Release;
		};
		ACACA24B2E4CE3710030C7B7 /* Debug */ = {
			isa = XCBuildConfiguration;
			buildSettings = {
				BUNDLE_LOADER = "$(TEST_HOST)";
				CODE_SIGN_STYLE = Automatic;
				CURRENT_PROJECT_VERSION = 1;
				DEVELOPMENT_TEAM = 4GKP5H4D3P;
				GENERATE_INFOPLIST_FILE = YES;
				IPHONEOS_DEPLOYMENT_TARGET = 18.2;
				MARKETING_VERSION = 1.0;
				PRODUCT_BUNDLE_IDENTIFIER = ru.KGP.PizzaDeliveryAppTests;
				PRODUCT_NAME = "$(TARGET_NAME)";
				SWIFT_EMIT_LOC_STRINGS = NO;
				SWIFT_VERSION = 5.0;
				TARGETED_DEVICE_FAMILY = "1,2";
				TEST_HOST = "$(BUILT_PRODUCTS_DIR)/PizzaDeliveryApp.app/$(BUNDLE_EXECUTABLE_FOLDER_PATH)/PizzaDeliveryApp";
			};
			name = Debug;
		};
		ACACA24C2E4CE3710030C7B7 /* Release */ = {
			isa = XCBuildConfiguration;
			buildSettings = {
				BUNDLE_LOADER = "$(TEST_HOST)";
				CODE_SIGN_STYLE = Automatic;
				CURRENT_PROJECT_VERSION = 1;
				DEVELOPMENT_TEAM = 4GKP5H4D3P;
				GENERATE_INFOPLIST_FILE = YES;
				IPHONEOS_DEPLOYMENT_TARGET = 18.2;
				MARKETING_VERSION = 1.0;
				PRODUCT_BUNDLE_IDENTIFIER = ru.KGP.PizzaDeliveryAppTests;
				PRODUCT_NAME = "$(TARGET_NAME)";
				SWIFT_EMIT_LOC_STRINGS = NO;
				SWIFT_VERSION = 5.0;
				TARGETED_DEVICE_FAMILY = "1,2";
				TEST_HOST = "$(BUILT_PRODUCTS_DIR)/PizzaDeliveryApp.app/$(BUNDLE_EXECUTABLE_FOLDER_PATH)/PizzaDeliveryApp";
			};
			name = Release;
		};
		ACACA24E2E4CE3710030C7B7 /* Debug */ = {
			isa = XCBuildConfiguration;
			buildSettings = {
				CODE_SIGN_STYLE = Automatic;
				CURRENT_PROJECT_VERSION = 1;
				DEVELOPMENT_TEAM = 4GKP5H4D3P;
				GENERATE_INFOPLIST_FILE = YES;
				MARKETING_VERSION = 1.0;
				PRODUCT_BUNDLE_IDENTIFIER = ru.KGP.PizzaDeliveryAppUITests;
				PRODUCT_NAME = "$(TARGET_NAME)";
				SWIFT_EMIT_LOC_STRINGS = NO;
				SWIFT_VERSION = 5.0;
				TARGETED_DEVICE_FAMILY = "1,2";
				TEST_TARGET_NAME = PizzaDeliveryApp;
			};
			name = Debug;
		};
		ACACA24F2E4CE3710030C7B7 /* Release */ = {
			isa = XCBuildConfiguration;
			buildSettings = {
				CODE_SIGN_STYLE = Automatic;
				CURRENT_PROJECT_VERSION = 1;
				DEVELOPMENT_TEAM = 4GKP5H4D3P;
				GENERATE_INFOPLIST_FILE = YES;
				MARKETING_VERSION = 1.0;
				PRODUCT_BUNDLE_IDENTIFIER = ru.KGP.PizzaDeliveryAppUITests;
				PRODUCT_NAME = "$(TARGET_NAME)";
				SWIFT_EMIT_LOC_STRINGS = NO;
				SWIFT_VERSION = 5.0;
				TARGETED_DEVICE_FAMILY = "1,2";
				TEST_TARGET_NAME = PizzaDeliveryApp;
			};
			name = Release;
		};
/* End XCBuildConfiguration section */

/* Begin XCConfigurationList section */
		ACACA21E2E4CE36D0030C7B7 /* Build configuration list for PBXProject "PizzaDeliveryApp" */ = {
			isa = XCConfigurationList;
			buildConfigurations = (
				ACACA2452E4CE3710030C7B7 /* Debug */,
				ACACA2462E4CE3710030C7B7 /* Release */,
			);
			defaultConfigurationIsVisible = 0;
			defaultConfigurationName = Release;
		};
		ACACA2472E4CE3710030C7B7 /* Build configuration list for PBXNativeTarget "PizzaDeliveryApp" */ = {
			isa = XCConfigurationList;
			buildConfigurations = (
				ACACA2482E4CE3710030C7B7 /* Debug */,
				ACACA2492E4CE3710030C7B7 /* Release */,
			);
			defaultConfigurationIsVisible = 0;
			defaultConfigurationName = Release;
		};
		ACACA24A2E4CE3710030C7B7 /* Build configuration list for PBXNativeTarget "PizzaDeliveryAppTests" */ = {
			isa = XCConfigurationList;
			buildConfigurations = (
				ACACA24B2E4CE3710030C7B7 /* Debug */,
				ACACA24C2E4CE3710030C7B7 /* Release */,
			);
			defaultConfigurationIsVisible = 0;
			defaultConfigurationName = Release;
		};
		ACACA24D2E4CE3710030C7B7 /* Build configuration list for PBXNativeTarget "PizzaDeliveryAppUITests" */ = {
			isa = XCConfigurationList;
			buildConfigurations = (
				ACACA24E2E4CE3710030C7B7 /* Debug */,
				ACACA24F2E4CE3710030C7B7 /* Release */,
			);
			defaultConfigurationIsVisible = 0;
			defaultConfigurationName = Release;
		};
/* End XCConfigurationList section */
	};
	rootObject = ACACA21B2E4CE36D0030C7B7 /* Project object */;
}
